{
  "name": "spider-nodejs",
  "version": "1.0.0",
  "lockfileVersion": 3,
  "requires": true,
  "packages": {
    "": {
      "name": "spider-nodejs",
      "version": "1.0.0",
      "license": "ISC",
      "dependencies": {
        "@spider-rs/spider-rs": "^0.0.157"
      }
    },
    "node_modules/@spider-rs/spider-rs": {
      "version": "0.0.157",
      "resolved": "https://registry.npmjs.org/@spider-rs/spider-rs/-/spider-rs-0.0.157.tgz",
      "integrity": "sha512-EejkxV3SI8QXWYXYu+33xs/BRqh1zczhYxvhzvlOA+Yf4mby44Ihx1rC9y+xqqc2R8+K+VwLqz8Dkq93I4+T1Q==",
      "license": "MIT",
      "engines": {
        "node": ">= 10"
      },
      "optionalDependencies": {
        "@spider-rs/spider-rs-android-arm-eabi": "0.0.157",
        "@spider-rs/spider-rs-android-arm64": "0.0.157",
        "@spider-rs/spider-rs-darwin-arm64": "0.0.157",
        "@spider-rs/spider-rs-darwin-universal": "0.0.157",
        "@spider-rs/spider-rs-darwin-x64": "0.0.157",
        "@spider-rs/spider-rs-freebsd-x64": "0.0.157",
        "@spider-rs/spider-rs-linux-arm-gnueabihf": "0.0.157",
        "@spider-rs/spider-rs-linux-arm64-gnu": "0.0.157",
        "@spider-rs/spider-rs-linux-arm64-musl": "0.0.157",
        "@spider-rs/spider-rs-linux-x64-gnu": "0.0.157",
        "@spider-rs/spider-rs-linux-x64-musl": "0.0.157",
        "@spider-rs/spider-rs-win32-arm64-msvc": "0.0.157",
        "@spider-rs/spider-rs-win32-ia32-msvc": "0.0.157",
        "@spider-rs/spider-rs-win32-x64-msvc": "0.0.157"
      }
    },
    "node_modules/@spider-rs/spider-rs-android-arm-eabi": {
      "version": "0.0.157",
      "resolved": "https://registry.npmjs.org/@spider-rs/spider-rs-android-arm-eabi/-/spider-rs-android-arm-eabi-0.0.157.tgz",
      "integrity": "sha512-JZWN36hoP0YVtPoqYKR4CzS8vnGq1XK7HCmunlP74mBeDawbnetFMmYe6lNKTN1PiWlfL0lQKbDgWGAUQJz5Hw==",
      "cpu": [
        "arm"
      ],
      "license": "MIT",
      "optional": true,
      "os": [
        "android"
      ],
      "engines": {
        "node": ">= 10"
      }
    },
    "node_modules/@spider-rs/spider-rs-android-arm64": {
      "version": "0.0.157",
      "resolved": "https://registry.npmjs.org/@spider-rs/spider-rs-android-arm64/-/spider-rs-android-arm64-0.0.157.tgz",
      "integrity": "sha512-02UrJKdgbc4yh/+690Zcsy6dsu9/QhLIyMZyv2IBQmi1MTtIAwdKSILrWRkSayw2ya6y5XeHB9LWYEmLFcKtfA==",
      "cpu": [
        "arm64"
      ],
      "license": "MIT",
      "optional": true,
      "os": [
        "android"
      ],
      "engines": {
        "node": ">= 10"
      }
    },
    "node_modules/@spider-rs/spider-rs-darwin-arm64": {
      "version": "0.0.157",
      "resolved": "https://registry.npmjs.org/@spider-rs/spider-rs-darwin-arm64/-/spider-rs-darwin-arm64-0.0.157.tgz",
      "integrity": "sha512-DpfACHdG6lDIful3dBFZlhqurjo2idcKGjKkF+w7d/3aQfMQXBDHqh3yoU9LkRlOMx0agKkOWMvQHnrG7qxUrg==",
      "cpu": [
        "arm64"
      ],
      "license": "MIT",
      "optional": true,
      "os": [
        "darwin"
      ],
      "engines": {
        "node": ">= 10"
      }
    },
    "node_modules/@spider-rs/spider-rs-darwin-x64": {
      "version": "0.0.157",
      "resolved": "https://registry.npmjs.org/@spider-rs/spider-rs-darwin-x64/-/spider-rs-darwin-x64-0.0.157.tgz",
      "integrity": "sha512-L10DrM5rW5vCRPqHT8nIBFduRGo8yixPYMyb143IZw4bWnffmx6NkLgU/6NQ9KRcWELk6Uhjieb9Gr0yAtwjnA==",
      "cpu": [
        "x64"
      ],
      "license": "MIT",
      "optional": true,
      "os": [
        "darwin"
      ],
      "engines": {
        "node": ">= 10"
      }
    },
    "node_modules/@spider-rs/spider-rs-linux-arm64-gnu": {
      "version": "0.0.157",
      "resolved": "https://registry.npmjs.org/@spider-rs/spider-rs-linux-arm64-gnu/-/spider-rs-linux-arm64-gnu-0.0.157.tgz",
      "integrity": "sha512-2QQki6j+sZopaSMSgKqJG7ZcBzyMU8vu8/hnPUSbjHaeJLHn9FWJn1nEq2zjsj8LL1V/NH+I6mMH8DLuak3qvw==",
      "cpu": [
        "arm64"
      ],
      "license": "MIT",
      "optional": true,
      "os": [
        "linux"
      ],
      "engines": {
        "node": ">= 10"
      }
    },
    "node_modules/@spider-rs/spider-rs-linux-x64-gnu": {
      "version": "0.0.157",
      "resolved": "https://registry.npmjs.org/@spider-rs/spider-rs-linux-x64-gnu/-/spider-rs-linux-x64-gnu-0.0.157.tgz",
      "integrity": "sha512-OjzqSTJg2enQYhDmoig416x0w1zIb4/APuS+m61TIlqJASzsldLJUNJhUhxNJ7Ydgx2IOV5zq8/+v+gRfxpJjw==",
      "cpu": [
        "x64"
      ],
      "license": "MIT",
      "optional": true,
      "os": [
        "linux"
      ],
      "engines": {
        "node": ">= 10"
      }
    },
    "node_modules/@spider-rs/spider-rs-win32-arm64-msvc": {
      "version": "0.0.157",
      "resolved": "https://registry.npmjs.org/@spider-rs/spider-rs-win32-arm64-msvc/-/spider-rs-win32-arm64-msvc-0.0.157.tgz",
      "integrity": "sha512-uyQ7JfO9IbsLsx0IMKQDKL+46h4oc5nRPKjll+2YhoLgoKqBTJ5sS14bIoQ9HseMUWxiyzZKOiHLoCrFpOo4QQ==",
      "cpu": [
        "arm64"
      ],
      "license": "MIT",
      "optional": true,
      "os": [
        "win32"
      ],
      "engines": {
        "node": ">= 10"
      }
    },
    "node_modules/@spider-rs/spider-rs-win32-ia32-msvc": {
      "version": "0.0.157",
      "resolved": "https://registry.npmjs.org/@spider-rs/spider-rs-win32-ia32-msvc/-/spider-rs-win32-ia32-msvc-0.0.157.tgz",
      "integrity": "sha512-VvK49Z+oDEI/fDpEQClVowCrOv8GFP8dSXSLUjlJZPCZTivnI14JhGpdag1ZeqL2DgOTopVibFOjXpeABhV7Yw==",
      "cpu": [
        "ia32"
      ],
      "license": "MIT",
      "optional": true,
      "os": [
        "win32"
      ],
      "engines": {
        "node": ">= 10"
      }
    },
    "node_modules/@spider-rs/spider-rs-win32-x64-msvc": {
      "version": "0.0.157",
      "resolved": "https://registry.npmjs.org/@spider-rs/spider-rs-win32-x64-msvc/-/spider-rs-win32-x64-msvc-0.0.157.tgz",
      "integrity": "sha512-Z/xlYqBOIsuSoe0YI8/oNpUDCQYUsSwpdvl/hGgHFEbt54eyqI5OcOhUJpFhBHOWpu8FdMXxOzZWvx+xYyLCoQ==",
      "cpu": [
        "x64"
      ],
      "license": "MIT",
      "optional": true,
      "os": [
        "win32"
      ],
      "engines": {
        "node": ">= 10"
      }
    }
  }
}
